
Microsoft Visual Studio Solution File, Format Version 12.00
# Visual Studio 2013
VisualStudioVersion = 12.0.40629.0
MinimumVisualStudioVersion = 10.0.40219.1
Project("{2150E333-8FDC-42A3-9474-1A3956D46DE8}") = "Space3D", "Space3D", "{52C81A14-2E78-4F9F-A125-EB19533BB557}"
EndProject
Project("{2150E333-8FDC-42A3-9474-1A3956D46DE8}") = "GenericClass", "GenericClass", "{802CFB55-AA36-4411-9265-7FE7B6D63B23}"
EndProject
Project("{2150E333-8FDC-42A3-9474-1A3956D46DE8}") = "ProgramTests", "ProgramTests", "{09DE5784-7724-4012-95F5-2F18C4F691AA}"
EndProject
Project("{FAE04EC0-301F-11D3-BF4B-00C04F79EFBC}") = "GenericClassTests", "GenericClassTest\GenericClassTests.csproj", "{4FD03D0C-3359-445C-9AAA-327AB1A147E1}"
EndProject
Project("{2150E333-8FDC-42A3-9474-1A3956D46DE8}") = "MatrixClass", "MatrixClass", "{041EF846-AD57-431B-9BAF-DB30501D2684}"
EndProject
Project("{FAE04EC0-301F-11D3-BF4B-00C04F79EFBC}") = "MatrixClassTests", "MatrixClassTest\MatrixClassTests.csproj", "{1BF3D7A7-A4A1-4DC8-ABF2-720E1A9B04B6}"
EndProject
Project("{FAE04EC0-301F-11D3-BF4B-00C04F79EFBC}") = "Space3DTests", "Space3DTests\Space3DTests.csproj", "{36C9FF80-62D7-462E-B9D8-B39A92B8D7DC}"
EndProject
Project("{FAE04EC0-301F-11D3-BF4B-00C04F79EFBC}") = "Space3D", "Space3D\Space3D.csproj", "{F0B03F6D-D3EE-413C-AD2E-873230A4E8D2}"
EndProject
Project("{FAE04EC0-301F-11D3-BF4B-00C04F79EFBC}") = "GenericClass", "GenericClass\GenericClass.csproj", "{F9372726-4602-4885-BCA2-9B32DD5B518C}"
EndProject
Project("{FAE04EC0-301F-11D3-BF4B-00C04F79EFBC}") = "MatrixClass", "MatrixClass\MatrixClass.csproj", "{82437FD8-99EB-454A-8AA0-69A0BC66721A}"
EndProject
Project("{2150E333-8FDC-42A3-9474-1A3956D46DE8}") = "CustomAttributes", "CustomAttributes", "{8AA1D4BE-6251-4417-BC4F-3F5F496AA547}"
EndProject
Project("{FAE04EC0-301F-11D3-BF4B-00C04F79EFBC}") = "CustomAttributes", "CustomAttributes\CustomAttributes.csproj", "{90452378-4630-436E-8977-37DC874E1F22}"
EndProject
Project("{FAE04EC0-301F-11D3-BF4B-00C04F79EFBC}") = "CustomAttributesTests", "CustomAttributesTests\CustomAttributesTests.csproj", "{62221360-5E89-429A-B741-B99CD98B4AEF}"
EndProject
Global
	GlobalSection(SolutionConfigurationPlatforms) = preSolution
		Debug|Any CPU = Debug|Any CPU
		Release|Any CPU = Release|Any CPU
	EndGlobalSection
	GlobalSection(ProjectConfigurationPlatforms) = postSolution
		{4FD03D0C-3359-445C-9AAA-327AB1A147E1}.Debug|Any CPU.ActiveCfg = Debug|Any CPU
		{4FD03D0C-3359-445C-9AAA-327AB1A147E1}.Debug|Any CPU.Build.0 = Debug|Any CPU
		{4FD03D0C-3359-445C-9AAA-327AB1A147E1}.Release|Any CPU.ActiveCfg = Release|Any CPU
		{4FD03D0C-3359-445C-9AAA-327AB1A147E1}.Release|Any CPU.Build.0 = Release|Any CPU
		{1BF3D7A7-A4A1-4DC8-ABF2-720E1A9B04B6}.Debug|Any CPU.ActiveCfg = Debug|Any CPU
		{1BF3D7A7-A4A1-4DC8-ABF2-720E1A9B04B6}.Debug|Any CPU.Build.0 = Debug|Any CPU
		{1BF3D7A7-A4A1-4DC8-ABF2-720E1A9B04B6}.Release|Any CPU.ActiveCfg = Release|Any CPU
		{1BF3D7A7-A4A1-4DC8-ABF2-720E1A9B04B6}.Release|Any CPU.Build.0 = Release|Any CPU
		{36C9FF80-62D7-462E-B9D8-B39A92B8D7DC}.Debug|Any CPU.ActiveCfg = Debug|Any CPU
		{36C9FF80-62D7-462E-B9D8-B39A92B8D7DC}.Debug|Any CPU.Build.0 = Debug|Any CPU
		{36C9FF80-62D7-462E-B9D8-B39A92B8D7DC}.Release|Any CPU.ActiveCfg = Release|Any CPU
		{36C9FF80-62D7-462E-B9D8-B39A92B8D7DC}.Release|Any CPU.Build.0 = Release|Any CPU
		{F0B03F6D-D3EE-413C-AD2E-873230A4E8D2}.Debug|Any CPU.ActiveCfg = Debug|Any CPU
		{F0B03F6D-D3EE-413C-AD2E-873230A4E8D2}.Debug|Any CPU.Build.0 = Debug|Any CPU
		{F0B03F6D-D3EE-413C-AD2E-873230A4E8D2}.Release|Any CPU.ActiveCfg = Release|Any CPU
		{F0B03F6D-D3EE-413C-AD2E-873230A4E8D2}.Release|Any CPU.Build.0 = Release|Any CPU
		{F9372726-4602-4885-BCA2-9B32DD5B518C}.Debug|Any CPU.ActiveCfg = Debug|Any CPU
		{F9372726-4602-4885-BCA2-9B32DD5B518C}.Debug|Any CPU.Build.0 = Debug|Any CPU
		{F9372726-4602-4885-BCA2-9B32DD5B518C}.Release|Any CPU.ActiveCfg = Release|Any CPU
		{F9372726-4602-4885-BCA2-9B32DD5B518C}.Release|Any CPU.Build.0 = Release|Any CPU
		{82437FD8-99EB-454A-8AA0-69A0BC66721A}.Debug|Any CPU.ActiveCfg = Debug|Any CPU
		{82437FD8-99EB-454A-8AA0-69A0BC66721A}.Debug|Any CPU.Build.0 = Debug|Any CPU
		{82437FD8-99EB-454A-8AA0-69A0BC66721A}.Release|Any CPU.ActiveCfg = Release|Any CPU
		{82437FD8-99EB-454A-8AA0-69A0BC66721A}.Release|Any CPU.Build.0 = Release|Any CPU
		{90452378-4630-436E-8977-37DC874E1F22}.Debug|Any CPU.ActiveCfg = Debug|Any CPU
		{90452378-4630-436E-8977-37DC874E1F22}.Debug|Any CPU.Build.0 = Debug|Any CPU
		{90452378-4630-436E-8977-37DC874E1F22}.Release|Any CPU.ActiveCfg = Release|Any CPU
		{90452378-4630-436E-8977-37DC874E1F22}.Release|Any CPU.Build.0 = Release|Any CPU
		{62221360-5E89-429A-B741-B99CD98B4AEF}.Debug|Any CPU.ActiveCfg = Debug|Any CPU
		{62221360-5E89-429A-B741-B99CD98B4AEF}.Debug|Any CPU.Build.0 = Debug|Any CPU
		{62221360-5E89-429A-B741-B99CD98B4AEF}.Release|Any CPU.ActiveCfg = Release|Any CPU
		{62221360-5E89-429A-B741-B99CD98B4AEF}.Release|Any CPU.Build.0 = Release|Any CPU
	EndGlobalSection
	GlobalSection(SolutionProperties) = preSolution
		HideSolutionNode = FALSE
	EndGlobalSection
	GlobalSection(NestedProjects) = preSolution
		{4FD03D0C-3359-445C-9AAA-327AB1A147E1} = {09DE5784-7724-4012-95F5-2F18C4F691AA}
		{1BF3D7A7-A4A1-4DC8-ABF2-720E1A9B04B6} = {09DE5784-7724-4012-95F5-2F18C4F691AA}
		{36C9FF80-62D7-462E-B9D8-B39A92B8D7DC} = {09DE5784-7724-4012-95F5-2F18C4F691AA}
		{F0B03F6D-D3EE-413C-AD2E-873230A4E8D2} = {52C81A14-2E78-4F9F-A125-EB19533BB557}
		{F9372726-4602-4885-BCA2-9B32DD5B518C} = {802CFB55-AA36-4411-9265-7FE7B6D63B23}
		{82437FD8-99EB-454A-8AA0-69A0BC66721A} = {041EF846-AD57-431B-9BAF-DB30501D2684}
		{90452378-4630-436E-8977-37DC874E1F22} = {8AA1D4BE-6251-4417-BC4F-3F5F496AA547}
		{62221360-5E89-429A-B741-B99CD98B4AEF} = {09DE5784-7724-4012-95F5-2F18C4F691AA}
	EndGlobalSection
EndGlobal
