
Microsoft Visual Studio Solution File, Format Version 12.00
# Visual Studio 2013
VisualStudioVersion = 12.0.31101.0
MinimumVisualStudioVersion = 10.0.40219.1
Project("{2150E333-8FDC-42A3-9474-1A3956D46DE8}") = "Figures", "Figures", "{1B0E8782-E793-422E-8012-57E96C940F01}"
EndProject
Project("{FAE04EC0-301F-11D3-BF4B-00C04F79EFBC}") = "Figures", "Figures\Figures.csproj", "{63775624-3177-42A6-A188-AA5BD31E1ECD}"
EndProject
Project("{FAE04EC0-301F-11D3-BF4B-00C04F79EFBC}") = "FigureTest", "FigureTest\FigureTest.csproj", "{BBB182A5-86FD-4AEC-B6EE-B8171405CBAA}"
EndProject
Project("{2150E333-8FDC-42A3-9474-1A3956D46DE8}") = "Banks", "Banks", "{59A7CBC3-AAD9-4A75-8245-D36567AB99F7}"
EndProject
Project("{FAE04EC0-301F-11D3-BF4B-00C04F79EFBC}") = "Banks", "Banks\Banks.csproj", "{4DEEE770-BE4A-4CC3-BCC9-4DB6AC5B9789}"
EndProject
Project("{FAE04EC0-301F-11D3-BF4B-00C04F79EFBC}") = "BankTest", "BankTest\BankTest.csproj", "{84B01BA8-0229-47FC-9454-BAF7A7646CD1}"
EndProject
Project("{2150E333-8FDC-42A3-9474-1A3956D46DE8}") = "Schools", "Schools", "{C68B2A76-004B-4905-ACC9-33304911235A}"
EndProject
Project("{FAE04EC0-301F-11D3-BF4B-00C04F79EFBC}") = "Schools", "Schools\Schools.csproj", "{9560D561-FB2C-416F-8831-9635C4AE6FEE}"
EndProject
Project("{2150E333-8FDC-42A3-9474-1A3956D46DE8}") = "People", "People", "{9885CE98-A9D7-4664-AEB8-48A25D4B3289}"
EndProject
Project("{FAE04EC0-301F-11D3-BF4B-00C04F79EFBC}") = "People", "People\People.csproj", "{1A3C9FB2-AC50-4DFB-A79A-38B97C4EE81A}"
EndProject
Project("{FAE04EC0-301F-11D3-BF4B-00C04F79EFBC}") = "PersonTest", "PersonTest\PersonTest.csproj", "{BCE1DB28-6246-4050-8339-E754AF337C62}"
EndProject
Project("{2150E333-8FDC-42A3-9474-1A3956D46DE8}") = "Fauna", "Fauna", "{CF084E1C-CD9D-4808-B9AE-62515277ADAC}"
EndProject
Project("{FAE04EC0-301F-11D3-BF4B-00C04F79EFBC}") = "Fauna", "Fauna\Fauna.csproj", "{0DFC9AF9-7C74-41E9-BED1-BAB2B2FED373}"
EndProject
Project("{FAE04EC0-301F-11D3-BF4B-00C04F79EFBC}") = "FaunaTest", "FaunaTest\FaunaTest.csproj", "{ABC6861B-F4DC-4BAB-AE05-432259EA24E2}"
EndProject
Project("{2150E333-8FDC-42A3-9474-1A3956D46DE8}") = "Exceptions", "Exceptions", "{06CA5591-5AA5-452A-A6EA-9689059DB787}"
EndProject
Project("{FAE04EC0-301F-11D3-BF4B-00C04F79EFBC}") = "Exceptions", "Exceptions\Exceptions.csproj", "{44609D30-3471-4C0A-A894-16A956B56F95}"
EndProject
Project("{FAE04EC0-301F-11D3-BF4B-00C04F79EFBC}") = "InvalidRangeExceptionTest", "InvalidRangeExceptionTest\InvalidRangeExceptionTest.csproj", "{27B76592-523F-44D9-A22B-FADBED17A329}"
EndProject
Global
	GlobalSection(SolutionConfigurationPlatforms) = preSolution
		Debug|Any CPU = Debug|Any CPU
		Release|Any CPU = Release|Any CPU
	EndGlobalSection
	GlobalSection(ProjectConfigurationPlatforms) = postSolution
		{63775624-3177-42A6-A188-AA5BD31E1ECD}.Debug|Any CPU.ActiveCfg = Debug|Any CPU
		{63775624-3177-42A6-A188-AA5BD31E1ECD}.Debug|Any CPU.Build.0 = Debug|Any CPU
		{63775624-3177-42A6-A188-AA5BD31E1ECD}.Release|Any CPU.ActiveCfg = Release|Any CPU
		{63775624-3177-42A6-A188-AA5BD31E1ECD}.Release|Any CPU.Build.0 = Release|Any CPU
		{BBB182A5-86FD-4AEC-B6EE-B8171405CBAA}.Debug|Any CPU.ActiveCfg = Debug|Any CPU
		{BBB182A5-86FD-4AEC-B6EE-B8171405CBAA}.Debug|Any CPU.Build.0 = Debug|Any CPU
		{BBB182A5-86FD-4AEC-B6EE-B8171405CBAA}.Release|Any CPU.ActiveCfg = Release|Any CPU
		{BBB182A5-86FD-4AEC-B6EE-B8171405CBAA}.Release|Any CPU.Build.0 = Release|Any CPU
		{4DEEE770-BE4A-4CC3-BCC9-4DB6AC5B9789}.Debug|Any CPU.ActiveCfg = Debug|Any CPU
		{4DEEE770-BE4A-4CC3-BCC9-4DB6AC5B9789}.Debug|Any CPU.Build.0 = Debug|Any CPU
		{4DEEE770-BE4A-4CC3-BCC9-4DB6AC5B9789}.Release|Any CPU.ActiveCfg = Release|Any CPU
		{4DEEE770-BE4A-4CC3-BCC9-4DB6AC5B9789}.Release|Any CPU.Build.0 = Release|Any CPU
		{84B01BA8-0229-47FC-9454-BAF7A7646CD1}.Debug|Any CPU.ActiveCfg = Debug|Any CPU
		{84B01BA8-0229-47FC-9454-BAF7A7646CD1}.Debug|Any CPU.Build.0 = Debug|Any CPU
		{84B01BA8-0229-47FC-9454-BAF7A7646CD1}.Release|Any CPU.ActiveCfg = Release|Any CPU
		{84B01BA8-0229-47FC-9454-BAF7A7646CD1}.Release|Any CPU.Build.0 = Release|Any CPU
		{9560D561-FB2C-416F-8831-9635C4AE6FEE}.Debug|Any CPU.ActiveCfg = Debug|Any CPU
		{9560D561-FB2C-416F-8831-9635C4AE6FEE}.Debug|Any CPU.Build.0 = Debug|Any CPU
		{9560D561-FB2C-416F-8831-9635C4AE6FEE}.Release|Any CPU.ActiveCfg = Release|Any CPU
		{9560D561-FB2C-416F-8831-9635C4AE6FEE}.Release|Any CPU.Build.0 = Release|Any CPU
		{1A3C9FB2-AC50-4DFB-A79A-38B97C4EE81A}.Debug|Any CPU.ActiveCfg = Debug|Any CPU
		{1A3C9FB2-AC50-4DFB-A79A-38B97C4EE81A}.Debug|Any CPU.Build.0 = Debug|Any CPU
		{1A3C9FB2-AC50-4DFB-A79A-38B97C4EE81A}.Release|Any CPU.ActiveCfg = Release|Any CPU
		{1A3C9FB2-AC50-4DFB-A79A-38B97C4EE81A}.Release|Any CPU.Build.0 = Release|Any CPU
		{BCE1DB28-6246-4050-8339-E754AF337C62}.Debug|Any CPU.ActiveCfg = Debug|Any CPU
		{BCE1DB28-6246-4050-8339-E754AF337C62}.Debug|Any CPU.Build.0 = Debug|Any CPU
		{BCE1DB28-6246-4050-8339-E754AF337C62}.Release|Any CPU.ActiveCfg = Release|Any CPU
		{BCE1DB28-6246-4050-8339-E754AF337C62}.Release|Any CPU.Build.0 = Release|Any CPU
		{0DFC9AF9-7C74-41E9-BED1-BAB2B2FED373}.Debug|Any CPU.ActiveCfg = Debug|Any CPU
		{0DFC9AF9-7C74-41E9-BED1-BAB2B2FED373}.Debug|Any CPU.Build.0 = Debug|Any CPU
		{0DFC9AF9-7C74-41E9-BED1-BAB2B2FED373}.Release|Any CPU.ActiveCfg = Release|Any CPU
		{0DFC9AF9-7C74-41E9-BED1-BAB2B2FED373}.Release|Any CPU.Build.0 = Release|Any CPU
		{ABC6861B-F4DC-4BAB-AE05-432259EA24E2}.Debug|Any CPU.ActiveCfg = Debug|Any CPU
		{ABC6861B-F4DC-4BAB-AE05-432259EA24E2}.Debug|Any CPU.Build.0 = Debug|Any CPU
		{ABC6861B-F4DC-4BAB-AE05-432259EA24E2}.Release|Any CPU.ActiveCfg = Release|Any CPU
		{ABC6861B-F4DC-4BAB-AE05-432259EA24E2}.Release|Any CPU.Build.0 = Release|Any CPU
		{44609D30-3471-4C0A-A894-16A956B56F95}.Debug|Any CPU.ActiveCfg = Debug|Any CPU
		{44609D30-3471-4C0A-A894-16A956B56F95}.Debug|Any CPU.Build.0 = Debug|Any CPU
		{44609D30-3471-4C0A-A894-16A956B56F95}.Release|Any CPU.ActiveCfg = Release|Any CPU
		{44609D30-3471-4C0A-A894-16A956B56F95}.Release|Any CPU.Build.0 = Release|Any CPU
		{27B76592-523F-44D9-A22B-FADBED17A329}.Debug|Any CPU.ActiveCfg = Debug|Any CPU
		{27B76592-523F-44D9-A22B-FADBED17A329}.Debug|Any CPU.Build.0 = Debug|Any CPU
		{27B76592-523F-44D9-A22B-FADBED17A329}.Release|Any CPU.ActiveCfg = Release|Any CPU
		{27B76592-523F-44D9-A22B-FADBED17A329}.Release|Any CPU.Build.0 = Release|Any CPU
	EndGlobalSection
	GlobalSection(SolutionProperties) = preSolution
		HideSolutionNode = FALSE
	EndGlobalSection
	GlobalSection(NestedProjects) = preSolution
		{63775624-3177-42A6-A188-AA5BD31E1ECD} = {1B0E8782-E793-422E-8012-57E96C940F01}
		{BBB182A5-86FD-4AEC-B6EE-B8171405CBAA} = {1B0E8782-E793-422E-8012-57E96C940F01}
		{4DEEE770-BE4A-4CC3-BCC9-4DB6AC5B9789} = {59A7CBC3-AAD9-4A75-8245-D36567AB99F7}
		{84B01BA8-0229-47FC-9454-BAF7A7646CD1} = {59A7CBC3-AAD9-4A75-8245-D36567AB99F7}
		{9560D561-FB2C-416F-8831-9635C4AE6FEE} = {C68B2A76-004B-4905-ACC9-33304911235A}
		{1A3C9FB2-AC50-4DFB-A79A-38B97C4EE81A} = {9885CE98-A9D7-4664-AEB8-48A25D4B3289}
		{BCE1DB28-6246-4050-8339-E754AF337C62} = {9885CE98-A9D7-4664-AEB8-48A25D4B3289}
		{0DFC9AF9-7C74-41E9-BED1-BAB2B2FED373} = {CF084E1C-CD9D-4808-B9AE-62515277ADAC}
		{ABC6861B-F4DC-4BAB-AE05-432259EA24E2} = {CF084E1C-CD9D-4808-B9AE-62515277ADAC}
		{44609D30-3471-4C0A-A894-16A956B56F95} = {06CA5591-5AA5-452A-A6EA-9689059DB787}
		{27B76592-523F-44D9-A22B-FADBED17A329} = {06CA5591-5AA5-452A-A6EA-9689059DB787}
	EndGlobalSection
EndGlobal
