
Microsoft Visual Studio Solution File, Format Version 12.00
# Visual Studio 2013
VisualStudioVersion = 12.0.31101.0
MinimumVisualStudioVersion = 10.0.40219.1
Project("{2150E333-8FDC-42A3-9474-1A3956D46DE8}") = "ExtendedFeatures", "ExtendedFeatures", "{C69373B1-3911-4416-A9CA-F6231B9D9582}"
EndProject
Project("{FAE04EC0-301F-11D3-BF4B-00C04F79EFBC}") = "ExtendedFeatures", "ExtendedFeatures\ExtendedFeatures.csproj", "{A030422B-1FBD-4E71-BCA6-E051416882C3}"
EndProject
Project("{2150E333-8FDC-42A3-9474-1A3956D46DE8}") = "LINQQuery", "LINQQuery", "{A08FC87A-AE24-47C9-807B-9176A93E2D8C}"
EndProject
Project("{FAE04EC0-301F-11D3-BF4B-00C04F79EFBC}") = "LINQQuery", "LINQQuery\LINQQuery.csproj", "{8345404F-E9A8-4251-B4C8-BE4580E3D8DD}"
EndProject
Project("{FAE04EC0-301F-11D3-BF4B-00C04F79EFBC}") = "QueryTest", "QueryTest\QueryTest.csproj", "{4968EDC8-DCA8-404A-B60B-23CC22BDBC86}"
EndProject
Project("{FAE04EC0-301F-11D3-BF4B-00C04F79EFBC}") = "ExtensionTest", "ExtensionTest\ExtensionTest.csproj", "{72C5C208-1960-4FD5-8FCA-4682947077E6}"
EndProject
Project("{2150E333-8FDC-42A3-9474-1A3956D46DE8}") = "Timer", "Timer", "{50146E25-AFEF-4800-899F-FE4E48140D4A}"
EndProject
Project("{FAE04EC0-301F-11D3-BF4B-00C04F79EFBC}") = "Timer", "Timer\Timer.csproj", "{D3A045D2-2BD4-4851-B308-DFA5A56F0247}"
EndProject
Project("{FAE04EC0-301F-11D3-BF4B-00C04F79EFBC}") = "TimerTest", "TimerTest\TimerTest.csproj", "{EF53B708-A7BC-43E4-AFA2-CBF784E73BFD}"
EndProject
Project("{2150E333-8FDC-42A3-9474-1A3956D46DE8}") = "Students", "Students", "{39579183-220F-4100-B116-F7A4D8AA6ACD}"
EndProject
Project("{FAE04EC0-301F-11D3-BF4B-00C04F79EFBC}") = "Students", "Students\Students.csproj", "{9189B1F4-E479-4127-B33A-7B430A4B3C08}"
EndProject
Project("{FAE04EC0-301F-11D3-BF4B-00C04F79EFBC}") = "StudentsTest", "StudentsTest\StudentsTest.csproj", "{B799D1CE-1BF6-4085-8162-AE021720BEC6}"
EndProject
Project("{2150E333-8FDC-42A3-9474-1A3956D46DE8}") = "InfiniteSeries", "InfiniteSeries", "{518056A8-DD27-4E29-B272-4A0300B21764}"
EndProject
Project("{FAE04EC0-301F-11D3-BF4B-00C04F79EFBC}") = "InfiniteSeries", "InfiniteSeries\InfiniteSeries.csproj", "{E614435E-B01A-421E-82BC-6DCB8B1B0986}"
EndProject
Project("{FAE04EC0-301F-11D3-BF4B-00C04F79EFBC}") = "InfiniteSeriesTest", "InfiniteSeriesTest\InfiniteSeriesTest.csproj", "{5DFF7C01-92CE-419B-A896-81891D15BBBA}"
EndProject
Global
	GlobalSection(SolutionConfigurationPlatforms) = preSolution
		Debug|Any CPU = Debug|Any CPU
		Release|Any CPU = Release|Any CPU
	EndGlobalSection
	GlobalSection(ProjectConfigurationPlatforms) = postSolution
		{A030422B-1FBD-4E71-BCA6-E051416882C3}.Debug|Any CPU.ActiveCfg = Debug|Any CPU
		{A030422B-1FBD-4E71-BCA6-E051416882C3}.Debug|Any CPU.Build.0 = Debug|Any CPU
		{A030422B-1FBD-4E71-BCA6-E051416882C3}.Release|Any CPU.ActiveCfg = Release|Any CPU
		{A030422B-1FBD-4E71-BCA6-E051416882C3}.Release|Any CPU.Build.0 = Release|Any CPU
		{8345404F-E9A8-4251-B4C8-BE4580E3D8DD}.Debug|Any CPU.ActiveCfg = Debug|Any CPU
		{8345404F-E9A8-4251-B4C8-BE4580E3D8DD}.Debug|Any CPU.Build.0 = Debug|Any CPU
		{8345404F-E9A8-4251-B4C8-BE4580E3D8DD}.Release|Any CPU.ActiveCfg = Release|Any CPU
		{8345404F-E9A8-4251-B4C8-BE4580E3D8DD}.Release|Any CPU.Build.0 = Release|Any CPU
		{4968EDC8-DCA8-404A-B60B-23CC22BDBC86}.Debug|Any CPU.ActiveCfg = Debug|Any CPU
		{4968EDC8-DCA8-404A-B60B-23CC22BDBC86}.Debug|Any CPU.Build.0 = Debug|Any CPU
		{4968EDC8-DCA8-404A-B60B-23CC22BDBC86}.Release|Any CPU.ActiveCfg = Release|Any CPU
		{4968EDC8-DCA8-404A-B60B-23CC22BDBC86}.Release|Any CPU.Build.0 = Release|Any CPU
		{72C5C208-1960-4FD5-8FCA-4682947077E6}.Debug|Any CPU.ActiveCfg = Debug|Any CPU
		{72C5C208-1960-4FD5-8FCA-4682947077E6}.Debug|Any CPU.Build.0 = Debug|Any CPU
		{72C5C208-1960-4FD5-8FCA-4682947077E6}.Release|Any CPU.ActiveCfg = Release|Any CPU
		{72C5C208-1960-4FD5-8FCA-4682947077E6}.Release|Any CPU.Build.0 = Release|Any CPU
		{D3A045D2-2BD4-4851-B308-DFA5A56F0247}.Debug|Any CPU.ActiveCfg = Debug|Any CPU
		{D3A045D2-2BD4-4851-B308-DFA5A56F0247}.Debug|Any CPU.Build.0 = Debug|Any CPU
		{D3A045D2-2BD4-4851-B308-DFA5A56F0247}.Release|Any CPU.ActiveCfg = Release|Any CPU
		{D3A045D2-2BD4-4851-B308-DFA5A56F0247}.Release|Any CPU.Build.0 = Release|Any CPU
		{EF53B708-A7BC-43E4-AFA2-CBF784E73BFD}.Debug|Any CPU.ActiveCfg = Debug|Any CPU
		{EF53B708-A7BC-43E4-AFA2-CBF784E73BFD}.Debug|Any CPU.Build.0 = Debug|Any CPU
		{EF53B708-A7BC-43E4-AFA2-CBF784E73BFD}.Release|Any CPU.ActiveCfg = Release|Any CPU
		{EF53B708-A7BC-43E4-AFA2-CBF784E73BFD}.Release|Any CPU.Build.0 = Release|Any CPU
		{9189B1F4-E479-4127-B33A-7B430A4B3C08}.Debug|Any CPU.ActiveCfg = Debug|Any CPU
		{9189B1F4-E479-4127-B33A-7B430A4B3C08}.Debug|Any CPU.Build.0 = Debug|Any CPU
		{9189B1F4-E479-4127-B33A-7B430A4B3C08}.Release|Any CPU.ActiveCfg = Release|Any CPU
		{9189B1F4-E479-4127-B33A-7B430A4B3C08}.Release|Any CPU.Build.0 = Release|Any CPU
		{B799D1CE-1BF6-4085-8162-AE021720BEC6}.Debug|Any CPU.ActiveCfg = Debug|Any CPU
		{B799D1CE-1BF6-4085-8162-AE021720BEC6}.Debug|Any CPU.Build.0 = Debug|Any CPU
		{B799D1CE-1BF6-4085-8162-AE021720BEC6}.Release|Any CPU.ActiveCfg = Release|Any CPU
		{B799D1CE-1BF6-4085-8162-AE021720BEC6}.Release|Any CPU.Build.0 = Release|Any CPU
		{E614435E-B01A-421E-82BC-6DCB8B1B0986}.Debug|Any CPU.ActiveCfg = Debug|Any CPU
		{E614435E-B01A-421E-82BC-6DCB8B1B0986}.Debug|Any CPU.Build.0 = Debug|Any CPU
		{E614435E-B01A-421E-82BC-6DCB8B1B0986}.Release|Any CPU.ActiveCfg = Release|Any CPU
		{E614435E-B01A-421E-82BC-6DCB8B1B0986}.Release|Any CPU.Build.0 = Release|Any CPU
		{5DFF7C01-92CE-419B-A896-81891D15BBBA}.Debug|Any CPU.ActiveCfg = Debug|Any CPU
		{5DFF7C01-92CE-419B-A896-81891D15BBBA}.Debug|Any CPU.Build.0 = Debug|Any CPU
		{5DFF7C01-92CE-419B-A896-81891D15BBBA}.Release|Any CPU.ActiveCfg = Release|Any CPU
		{5DFF7C01-92CE-419B-A896-81891D15BBBA}.Release|Any CPU.Build.0 = Release|Any CPU
	EndGlobalSection
	GlobalSection(SolutionProperties) = preSolution
		HideSolutionNode = FALSE
	EndGlobalSection
	GlobalSection(NestedProjects) = preSolution
		{A030422B-1FBD-4E71-BCA6-E051416882C3} = {C69373B1-3911-4416-A9CA-F6231B9D9582}
		{8345404F-E9A8-4251-B4C8-BE4580E3D8DD} = {A08FC87A-AE24-47C9-807B-9176A93E2D8C}
		{4968EDC8-DCA8-404A-B60B-23CC22BDBC86} = {A08FC87A-AE24-47C9-807B-9176A93E2D8C}
		{72C5C208-1960-4FD5-8FCA-4682947077E6} = {C69373B1-3911-4416-A9CA-F6231B9D9582}
		{D3A045D2-2BD4-4851-B308-DFA5A56F0247} = {50146E25-AFEF-4800-899F-FE4E48140D4A}
		{EF53B708-A7BC-43E4-AFA2-CBF784E73BFD} = {50146E25-AFEF-4800-899F-FE4E48140D4A}
		{9189B1F4-E479-4127-B33A-7B430A4B3C08} = {39579183-220F-4100-B116-F7A4D8AA6ACD}
		{B799D1CE-1BF6-4085-8162-AE021720BEC6} = {39579183-220F-4100-B116-F7A4D8AA6ACD}
		{E614435E-B01A-421E-82BC-6DCB8B1B0986} = {518056A8-DD27-4E29-B272-4A0300B21764}
		{5DFF7C01-92CE-419B-A896-81891D15BBBA} = {518056A8-DD27-4E29-B272-4A0300B21764}
	EndGlobalSection
EndGlobal
